{
  "version": "4",
  "specifiers": {
    "jsr:@deno/kv-utils@~0.1.3": "0.1.3",
    "jsr:@kitsonk/kv-toolbox@~0.27.2": "0.27.2",
    "jsr:@olli/kvdex@^3.1.3": "3.1.3",
    "jsr:@std/assert@0.221": "0.221.0",
    "jsr:@std/assert@1": "1.0.11",
    "jsr:@std/async@0.221": "0.221.0",
    "jsr:@std/bytes@1": "1.0.5",
    "jsr:@std/bytes@^1.0.3": "1.0.5",
    "jsr:@std/bytes@^1.0.4": "1.0.5",
    "jsr:@std/cli@0.221": "0.221.0",
    "jsr:@std/cli@1.0.12": "1.0.12",
    "jsr:@std/cli@^1.0.12": "1.0.12",
    "jsr:@std/collections@^1.0.10": "1.0.10",
    "jsr:@std/collections@^1.0.9": "1.0.10",
    "jsr:@std/crypto@1": "1.0.4",
    "jsr:@std/dotenv@~0.225.3": "0.225.3",
    "jsr:@std/encoding@0.221": "0.221.0",
    "jsr:@std/encoding@1": "1.0.7",
    "jsr:@std/encoding@^1.0.5": "1.0.7",
    "jsr:@std/encoding@^1.0.7": "1.0.7",
    "jsr:@std/fmt@0.221": "0.221.0",
    "jsr:@std/fmt@^1.0.5": "1.0.5",
    "jsr:@std/html@^1.0.3": "1.0.3",
    "jsr:@std/http@0.221": "0.221.0",
    "jsr:@std/http@^1.0.13": "1.0.13",
    "jsr:@std/media-types@0.221": "0.221.0",
    "jsr:@std/media-types@1": "1.1.0",
    "jsr:@std/media-types@^1.1.0": "1.1.0",
    "jsr:@std/net@^1.0.4": "1.0.4",
    "jsr:@std/path@0.221": "0.221.0",
    "jsr:@std/path@^1.0.8": "1.0.8",
    "jsr:@std/streams@0.221": "0.221.0",
    "jsr:@std/streams@^1.0.9": "1.0.9",
    "jsr:@std/ulid@1": "1.0.0",
    "npm:@hono/swagger-ui@0.5": "0.5.0_hono@4.7.0",
    "npm:@hono/zod-openapi@~0.18.4": "0.18.4_hono@4.7.0_zod@3.24.1",
    "npm:google-auth-library@8.0.0": "8.0.0",
    "npm:hono@^4.7.0": "4.7.0",
    "npm:zod@^3.23.8": "3.24.1",
    "npm:zod@^3.24.1": "3.24.1"
  },
  "jsr": {
    "@deno/kv-oauth@0.11.0": {
      "integrity": "17a8822fde1573563b8bdb526d925e398a4b92394381273bad1e837fb4a6c8b2",
      "dependencies": [
        "jsr:@std/http@0.221"
      ]
    },
    "@deno/kv-utils@0.1.3": {
      "integrity": "f3877510f82ce78a1946f6fc9727393d44421928c971572c18d90f9206448e98",
      "dependencies": [
        "jsr:@std/bytes@^1.0.3",
        "jsr:@std/encoding@^1.0.5"
      ]
    },
    "@kitsonk/kv-toolbox@0.27.2": {
      "integrity": "4d59ffac61c933b94bd6ecfbe16efeaa94e84b0c3ebe4946d8773f8856e8fd33",
      "dependencies": [
        "jsr:@deno/kv-utils",
        "jsr:@std/assert@1",
        "jsr:@std/bytes@1",
        "jsr:@std/crypto",
        "jsr:@std/encoding@1",
        "jsr:@std/media-types@1"
      ]
    },
    "@olli/kvdex@3.1.3": {
      "integrity": "36bf42ea5670092c81634c26b2ed9f68b4535b6d8270b68569923b3af03145a8",
      "dependencies": [
        "jsr:@std/bytes@^1.0.4",
        "jsr:@std/cli@1.0.12",
        "jsr:@std/collections@^1.0.9",
        "jsr:@std/ulid",
        "npm:zod@^3.23.8"
      ]
    },
    "@std/assert@0.221.0": {
      "integrity": "a5f1aa6e7909dbea271754fd4ab3f4e687aeff4873b4cef9a320af813adb489a"
    },
    "@std/assert@1.0.11": {
      "integrity": "2461ef3c368fe88bc60e186e7744a93112f16fd110022e113a0849e94d1c83c1"
    },
    "@std/async@0.221.0": {
      "integrity": "f5519861754a1bb2898d227dd8ccb545abc975534aa9063e53911d6cb4e365cf"
    },
    "@std/bytes@1.0.5": {
      "integrity": "4465dd739d7963d964c809202ebea6d5c6b8e3829ef25c6a224290fbb8a1021e"
    },
    "@std/cli@0.221.0": {
      "integrity": "157c2f881f0f85a73d994e7668754aeeccdf597680bd9c65de9c6bcd670416ac",
      "dependencies": [
        "jsr:@std/assert@0.221"
      ]
    },
    "@std/cli@1.0.12": {
      "integrity": "e5cfb7814d189da174ecd7a34fbbd63f3513e24a1b307feb2fcd5da47a070d90"
    },
    "@std/collections@1.0.10": {
      "integrity": "903af106a3d92970d74e20f7ebff77d9658af9bef4403f1dc42a7801c0575899"
    },
    "@std/crypto@1.0.4": {
      "integrity": "cee245c453bd5366207f4d8aa25ea3e9c86cecad2be3fefcaa6cb17203d79340"
    },
    "@std/dotenv@0.225.3": {
      "integrity": "a95e5b812c27b0854c52acbae215856d9cce9d4bbf774d938c51d212711e8d4a"
    },
    "@std/encoding@0.221.0": {
      "integrity": "d1dd76ef0dc5d14088411e6dc1dede53bf8308c95d1537df1214c97137208e45"
    },
    "@std/encoding@1.0.7": {
      "integrity": "f631247c1698fef289f2de9e2a33d571e46133b38d042905e3eac3715030a82d"
    },
    "@std/fmt@0.221.0": {
      "integrity": "379fed69bdd9731110f26b9085aeb740606b20428ce6af31ef6bd45ef8efa62a"
    },
    "@std/fmt@1.0.5": {
      "integrity": "0cfab43364bc36650d83c425cd6d99910fc20c4576631149f0f987eddede1a4d"
    },
    "@std/html@1.0.3": {
      "integrity": "7a0ac35e050431fb49d44e61c8b8aac1ebd55937e0dc9ec6409aa4bab39a7988"
    },
    "@std/http@0.221.0": {
      "integrity": "35fdcfed1501f2052338bf7ffba5d66f1455f2fffc01e9d7cf13eed548fffbaa",
      "dependencies": [
        "jsr:@std/assert@0.221",
        "jsr:@std/async",
        "jsr:@std/cli@0.221",
        "jsr:@std/encoding@0.221",
        "jsr:@std/fmt@0.221",
        "jsr:@std/media-types@0.221",
        "jsr:@std/path@0.221",
        "jsr:@std/streams@0.221"
      ]
    },
    "@std/http@1.0.13": {
      "integrity": "d29618b982f7ae44380111f7e5b43da59b15db64101198bb5f77100d44eb1e1e",
      "dependencies": [
        "jsr:@std/cli@^1.0.12",
        "jsr:@std/encoding@^1.0.7",
        "jsr:@std/fmt@^1.0.5",
        "jsr:@std/html",
        "jsr:@std/media-types@^1.1.0",
        "jsr:@std/net",
        "jsr:@std/path@^1.0.8",
        "jsr:@std/streams@^1.0.9"
      ]
    },
    "@std/media-types@0.221.0": {
      "integrity": "572addcbda2a21367c1f8eaa8c72fea6654b50779027dbde9f693aaa4bac30c3"
    },
    "@std/media-types@1.1.0": {
      "integrity": "c9d093f0c05c3512932b330e3cc1fe1d627b301db33a4c2c2185c02471d6eaa4"
    },
    "@std/net@1.0.4": {
      "integrity": "2f403b455ebbccf83d8a027d29c5a9e3a2452fea39bb2da7f2c04af09c8bc852"
    },
    "@std/path@0.221.0": {
      "integrity": "0a36f6b17314ef653a3a1649740cc8db51b25a133ecfe838f20b79a56ebe0095",
      "dependencies": [
        "jsr:@std/assert@0.221"
      ]
    },
    "@std/path@1.0.8": {
      "integrity": "548fa456bb6a04d3c1a1e7477986b6cffbce95102d0bb447c67c4ee70e0364be"
    },
    "@std/streams@0.221.0": {
      "integrity": "47f2f74634b47449277c0ee79fe878da4424b66bd8975c032e3afdca88986e61",
      "dependencies": [
        "jsr:@std/assert@0.221"
      ]
    },
    "@std/streams@1.0.9": {
      "integrity": "a9d26b1988cdd7aa7b1f4b51e1c36c1557f3f252880fa6cc5b9f37078b1a5035"
    },
    "@std/ulid@1.0.0": {
      "integrity": "d41c3d27a907714413649fee864b7cde8d42ee68437d22b79d5de4f81d808780"
    }
  },
  "npm": {
    "@asteasolutions/zod-to-openapi@7.3.0_zod@3.24.1": {
      "integrity": "sha512-7tE/r1gXwMIvGnXVUdIqUhCU1RevEFC4Jk6Bussa0fk1ecbnnINkZzj1EOAJyE/M3AI25DnHT/zKQL1/FPFi8Q==",
      "dependencies": [
        "openapi3-ts",
        "zod"
      ]
    },
    "@hono/swagger-ui@0.5.0_hono@4.7.0": {
      "integrity": "sha512-MWYYSv9kC8IwFBLZdwgZZMT9zUq2C/4/ekuyEYOkHEgUMqu+FG3eebtBZ4ofMh60xYRxRR2BgQGoNIILys/PFg==",
      "dependencies": [
        "hono"
      ]
    },
    "@hono/zod-openapi@0.18.4_hono@4.7.0_zod@3.24.1": {
      "integrity": "sha512-6NHMHU96Hh32B1yDhb94Z4Z5/POsmEu2AXpWLWcBq9arskRnOMt2752yEoXoADV8WUAc7H1IkNaQHGj1ytXbYw==",
      "dependencies": [
        "@asteasolutions/zod-to-openapi",
        "@hono/zod-validator",
        "hono",
        "zod"
      ]
    },
    "@hono/zod-validator@0.4.2_hono@4.7.0_zod@3.24.1": {
      "integrity": "sha512-1rrlBg+EpDPhzOV4hT9pxr5+xDVmKuz6YJl+la7VCwK6ass5ldyKm5fD+umJdV2zhHD6jROoCCv8NbTwyfhT0g==",
      "dependencies": [
        "hono",
        "zod"
      ]
    },
    "abort-controller@3.0.0": {
      "integrity": "sha512-h8lQ8tacZYnR3vNQTgibj+tODHI5/+l06Au2Pcriv/Gmet0eaj4TwWH41sO9wnHDiQsEj19q0drzdWdeAHtweg==",
      "dependencies": [
        "event-target-shim"
      ]
    },
    "agent-base@6.0.2": {
      "integrity": "sha512-RZNwNclF7+MS/8bDg70amg32dyeZGZxiDuQmZxKLAlQjr3jGyLx+4Kkk58UO7D2QdgFIQCovuSuZESne6RG6XQ==",
      "dependencies": [
        "debug"
      ]
    },
    "arrify@2.0.1": {
      "integrity": "sha512-3duEwti880xqi4eAMN8AyR4a0ByT90zoYdLlevfrvU43vb0YZwZVfxOgxWrLXXXpyugL0hNZc9G6BiB5B3nUug=="
    },
    "base64-js@1.5.1": {
      "integrity": "sha512-AKpaYlHn8t4SVbOHCy+b5+KKgvR4vrsD8vbvrbiQJps7fKDTkjkDry6ji0rUJjC0kzbNePLwzxq8iypo41qeWA=="
    },
    "bignumber.js@9.1.2": {
      "integrity": "sha512-2/mKyZH9K85bzOEfhXDBFZTGd1CTs+5IHpeFQo9luiBG7hghdC851Pj2WAhb6E3R6b9tZj/XKhbg4fum+Kepug=="
    },
    "buffer-equal-constant-time@1.0.1": {
      "integrity": "sha512-zRpUiDwd/xk6ADqPMATG8vc9VPrkck7T07OIx0gnjmJAnHnTVXNQG3vfvWNuiZIkwu9KrKdA1iJKfsfTVxE6NA=="
    },
    "debug@4.4.0": {
      "integrity": "sha512-6WTZ/IxCY/T6BALoZHaE4ctp9xm+Z5kY/pzYaCHRFeyVhojxlrm+46y68HA6hr0TcwEssoxNiDEUJQjfPZ/RYA==",
      "dependencies": [
        "ms"
      ]
    },
    "ecdsa-sig-formatter@1.0.11": {
      "integrity": "sha512-nagl3RYrbNv6kQkeJIpt6NJZy8twLB/2vtz6yN9Z4vRKHN4/QZJIEbqohALSgwKdnksuY3k5Addp5lg8sVoVcQ==",
      "dependencies": [
        "safe-buffer"
      ]
    },
    "event-target-shim@5.0.1": {
      "integrity": "sha512-i/2XbnSz/uxRCU6+NdVJgKWDTM427+MqYbkQzD321DuCQJUqOuJKIA0IM2+W2xtYHdKOmZ4dR6fExsd4SXL+WQ=="
    },
    "extend@3.0.2": {
      "integrity": "sha512-fjquC59cD7CyW6urNXK0FBufkZcoiGG80wTuPujX590cB5Ttln20E2UB4S/WARVqhXffZl2LNgS+gQdPIIim/g=="
    },
    "fast-text-encoding@1.0.6": {
      "integrity": "sha512-VhXlQgj9ioXCqGstD37E/HBeqEGV/qOD/kmbVG8h5xKBYvM1L3lR1Zn4555cQ8GkYbJa8aJSipLPndE1k6zK2w=="
    },
    "gaxios@4.3.3": {
      "integrity": "sha512-gSaYYIO1Y3wUtdfHmjDUZ8LWaxJQpiavzbF5Kq53akSzvmVg0RfyOcFDbO1KJ/KCGRFz2qG+lS81F0nkr7cRJA==",
      "dependencies": [
        "abort-controller",
        "extend",
        "https-proxy-agent",
        "is-stream",
        "node-fetch"
      ]
    },
    "gcp-metadata@4.3.1": {
      "integrity": "sha512-x850LS5N7V1F3UcV7PoupzGsyD6iVwTVvsh3tbXfkctZnBnjW5yu5z1/3k3SehF7TyoTIe78rJs02GMMy+LF+A==",
      "dependencies": [
        "gaxios",
        "json-bigint"
      ]
    },
    "google-auth-library@8.0.0": {
      "integrity": "sha512-8wjVx5mUXw0Bzn49ibY7wTlZV4EwVATsTRBCr15314mX89MwSKzFIsMz63fTA5iNxe4Xx/QEkH+HR5ZPxneB7Q==",
      "dependencies": [
        "arrify",
        "base64-js",
        "ecdsa-sig-formatter",
        "fast-text-encoding",
        "gaxios",
        "gcp-metadata",
        "gtoken",
        "jws",
        "lru-cache"
      ]
    },
    "google-p12-pem@3.1.4": {
      "integrity": "sha512-HHuHmkLgwjdmVRngf5+gSmpkyaRI6QmOg77J8tkNBHhNEI62sGHyw4/+UkgyZEI7h84NbWprXDJ+sa3xOYFvTg==",
      "dependencies": [
        "node-forge"
      ]
    },
    "gtoken@5.3.2": {
      "integrity": "sha512-gkvEKREW7dXWF8NV8pVrKfW7WqReAmjjkMBh6lNCCGOM4ucS0r0YyXXl0r/9Yj8wcW/32ISkfc8h5mPTDbtifQ==",
      "dependencies": [
        "gaxios",
        "google-p12-pem",
        "jws"
      ]
    },
    "hono@4.7.0": {
      "integrity": "sha512-hV97aIR4WYbG30k234sD9B3VNr1ZWdQRmrVF76LKFlmI7O9Yo70mG9+mFwyQ6Sjrz4wH71GfnBxv6CPjcx3QNw=="
    },
    "https-proxy-agent@5.0.1": {
      "integrity": "sha512-dFcAjpTQFgoLMzC2VwU+C/CbS7uRL0lWmxDITmqm7C+7F0Odmj6s9l6alZc6AELXhrnggM2CeWSXHGOdX2YtwA==",
      "dependencies": [
        "agent-base",
        "debug"
      ]
    },
    "is-stream@2.0.1": {
      "integrity": "sha512-hFoiJiTl63nn+kstHGBtewWSKnQLpyb155KHheA1l39uvtO9nWIop1p3udqPcUd/xbF1VLMO4n7OI6p7RbngDg=="
    },
    "json-bigint@1.0.0": {
      "integrity": "sha512-SiPv/8VpZuWbvLSMtTDU8hEfrZWg/mH/nV/b4o0CYbSxu1UIQPLdwKOCIyLQX+VIPO5vrLX3i8qtqFyhdPSUSQ==",
      "dependencies": [
        "bignumber.js"
      ]
    },
    "jwa@2.0.0": {
      "integrity": "sha512-jrZ2Qx916EA+fq9cEAeCROWPTfCwi1IVHqT2tapuqLEVVDKFDENFw1oL+MwrTvH6msKxsd1YTDVw6uKEcsrLEA==",
      "dependencies": [
        "buffer-equal-constant-time",
        "ecdsa-sig-formatter",
        "safe-buffer"
      ]
    },
    "jws@4.0.0": {
      "integrity": "sha512-KDncfTmOZoOMTFG4mBlG0qUIOlc03fmzH+ru6RgYVZhPkyiy/92Owlt/8UEN+a4TXR1FQetfIpJE8ApdvdVxTg==",
      "dependencies": [
        "jwa",
        "safe-buffer"
      ]
    },
    "lru-cache@6.0.0": {
      "integrity": "sha512-Jo6dJ04CmSjuznwJSS3pUeWmd/H0ffTlkXXgwZi+eq1UCmqQwCh+eLsYOYCwY991i2Fah4h1BEMCx4qThGbsiA==",
      "dependencies": [
        "yallist"
      ]
    },
    "ms@2.1.3": {
      "integrity": "sha512-6FlzubTLZG3J2a/NVCAleEhjzq5oxgHyaCU9yYXvcLsvoVaHJq/s5xXI6/XXP6tz7R9xAOtHnSO/tXtF3WRTlA=="
    },
    "node-fetch@2.7.0": {
      "integrity": "sha512-c4FRfUm/dbcWZ7U+1Wq0AwCyFL+3nt2bEw05wfxSz+DWpWsitgmSgYmy2dQdWyKC1694ELPqMs/YzUSNozLt8A==",
      "dependencies": [
        "whatwg-url"
      ]
    },
    "node-forge@1.3.1": {
      "integrity": "sha512-dPEtOeMvF9VMcYV/1Wb8CPoVAXtp6MKMlcbAt4ddqmGqUJ6fQZFXkNZNkNlfevtNkGtaSoXf/vNNNSvgrdXwtA=="
    },
    "openapi3-ts@4.4.0": {
      "integrity": "sha512-9asTNB9IkKEzWMcHmVZE7Ts3kC9G7AFHfs8i7caD8HbI76gEjdkId4z/AkP83xdZsH7PLAnnbl47qZkXuxpArw==",
      "dependencies": [
        "yaml"
      ]
    },
    "safe-buffer@5.2.1": {
      "integrity": "sha512-rp3So07KcdmmKbGvgaNxQSJr7bGVSVk5S9Eq1F+ppbRo70+YeaDxkw5Dd8NPN+GD6bjnYm2VuPuCXmpuYvmCXQ=="
    },
    "tr46@0.0.3": {
      "integrity": "sha512-N3WMsuqV66lT30CrXNbEjx4GEwlow3v6rr4mCcv6prnfwhS01rkgyFdjPNBYd9br7LpXV1+Emh01fHnq2Gdgrw=="
    },
    "webidl-conversions@3.0.1": {
      "integrity": "sha512-2JAn3z8AR6rjK8Sm8orRC0h/bcl/DqL7tRPdGZ4I1CjdF+EaMLmYxBHyXuKL849eucPFhvBoxMsflfOb8kxaeQ=="
    },
    "whatwg-url@5.0.0": {
      "integrity": "sha512-saE57nupxk6v3HY35+jzBwYa0rKSy0XR8JSxZPwgLr7ys0IBzhGviA1/TUGJLmSVqs8pb9AnvICXEuOHLprYTw==",
      "dependencies": [
        "tr46",
        "webidl-conversions"
      ]
    },
    "yallist@4.0.0": {
      "integrity": "sha512-3wdGidZyq5PB084XLES5TpOSRA3wjXAlIWMhum2kRcv/41Sn2emQ0dycQW4uZXLejwKvg6EsvbdlVL+FYEct7A=="
    },
    "yaml@2.7.0": {
      "integrity": "sha512-+hSoy/QHluxmC9kCIJyL/uyFmLmc+e5CFR5Wa+bpIhIj85LVb9ZH2nVnqrHoSvKogwODv0ClqZkmiSSaIH5LTA=="
    },
    "zod@3.24.1": {
      "integrity": "sha512-muH7gBL9sI1nciMZV67X5fTKKBLtwpZ5VBp1vsOQzj1MhrBZ4wlVCm3gedKZWLp0Oyel8sIGfeiz54Su+OVT+A=="
    }
  },
  "remote": {
    "https://deno.land/std@0.161.0/encoding/base64.ts": "c57868ca7fa2fbe919f57f88a623ad34e3d970d675bdc1ff3a9d02bba7409db2",
    "https://deno.land/x/oauth2_client@v1.0.2/mod.ts": "ea54c0a894d3303a80552ca65835b5b104d16415343b24e191f08e7f5db90ff7",
    "https://deno.land/x/oauth2_client@v1.0.2/src/authorization_code_grant.ts": "36953750b75fb0a14fbf4e0e4bcc1d5ae0209d216d7b32f93a134b035ecf3d25",
    "https://deno.land/x/oauth2_client@v1.0.2/src/client_credentials_grant.ts": "5bb9869925c5f5d11e8d66a86da37e2353107d57f57ec3a1480e197462e79be5",
    "https://deno.land/x/oauth2_client@v1.0.2/src/errors.ts": "7603479b80386b5cc7e384c2af5f5262ed7c2123e4e297d9f21e95515f8a803a",
    "https://deno.land/x/oauth2_client@v1.0.2/src/grant_base.ts": "86ae9eb3495f2304a634498fbb83741c5dc0e1357e02c40e12e212de5e9750f7",
    "https://deno.land/x/oauth2_client@v1.0.2/src/implicit_grant.ts": "d5359aebbdaaff039c0d078890aa4ffa2869da19c521e535e15caf09c069e6b8",
    "https://deno.land/x/oauth2_client@v1.0.2/src/oauth2_client.ts": "4e5ec26676661a3f69544826a4c27b30cc07dfcfc77f86981c324aaa53291a11",
    "https://deno.land/x/oauth2_client@v1.0.2/src/pkce.ts": "d286a087cc8ef985b71a2bf391e9e9d86a78ac6d93e30c46e73006171aed0986",
    "https://deno.land/x/oauth2_client@v1.0.2/src/refresh_token_grant.ts": "22cb1598e48fb037b4111a446573f7b48a3b361b58de58af17ba097221b12b54",
    "https://deno.land/x/oauth2_client@v1.0.2/src/resource_owner_password_credentials.ts": "bd3df99d32eeebffb411c4a2d3c3d057395515fb41690a8d91460dd74b9bf466",
    "https://deno.land/x/oauth2_client@v1.0.2/src/types.ts": "3327c2e81bc483e91843fb103595dd304393c3ac2a530d1c89200b6a5cf75e13"
  },
  "workspace": {
    "dependencies": [
      "jsr:@kitsonk/kv-toolbox@~0.27.2",
      "jsr:@olli/kvdex@^3.1.3",
      "jsr:@std/collections@^1.0.10",
      "jsr:@std/dotenv@~0.225.3",
      "jsr:@std/http@^1.0.13",
      "npm:@hono/swagger-ui@0.5",
      "npm:@hono/zod-openapi@~0.18.4",
      "npm:google-auth-library@8.0.0",
      "npm:hono@^4.7.0",
      "npm:zod@^3.24.1"
    ]
  }
}
